<?xml version="1.0" encoding="utf-8"?>
<Project ToolsVersion="4.0" xmlns="http://schemas.microsoft.com/developer/msbuild/2003">
  <ItemGroup>
    <Filter Include="Source Files">
      <UniqueIdentifier>{4FC737F1-C7A5-4376-A066-2A32D752A2FF}</UniqueIdentifier>
      <Extensions>cpp;c;cc;cxx;def;odl;idl;hpj;bat;asm;asmx</Extensions>
    </Filter>
    <Filter Include="Header Files">
      <UniqueIdentifier>{93995380-89BD-4b04-88EB-625FBE52EBFB}</UniqueIdentifier>
      <Extensions>h;hh;hpp;hxx;hm;inl;inc;ipp;xsd</Extensions>
    </Filter>
    <Filter Include="Resource Files">
      <UniqueIdentifier>{67DA6AB6-F800-4c08-8B7A-83BB121AAD01}</UniqueIdentifier>
      <Extensions>rc;ico;cur;bmp;dlg;rc2;rct;bin;rgs;gif;jpg;jpeg;jpe;resx;tiff;tif;png;wav;mfcribbon-ms</Extensions>
    </Filter>
  </ItemGroup>
  <ItemGroup>
    <ClCompile Include="main.cpp">
      <Filter>Source Files</Filter>
    </ClCompile>
    <ClCompile Include="Animation.cpp">
      <Filter>Source Files</Filter>
    </ClCompile>
    <ClCompile Include="Player.cpp">
      <Filter>Source Files</Filter>
    </ClCompile>
    <ClCompile Include="Recyclebin.cpp">
      <Filter>Source Files</Filter>
    </ClCompile>
    <ClCompile Include="Newton.cpp">
      <Filter>Source Files</Filter>
    </ClCompile>
    <ClCompile Include="durianBomb.cpp">
      <Filter>Source Files</Filter>
    </ClCompile>
    <ClCompile Include="globalboundcollision.cpp">
      <Filter>Source Files</Filter>
    </ClCompile>
    <ClCompile Include="Menu.cpp">
      <Filter>Source Files</Filter>
    </ClCompile>
    <ClCompile Include="Selectstate.cpp">
      <Filter>Source Files</Filter>
    </ClCompile>
    <ClCompile Include="entername.cpp">
      <Filter>Source Files</Filter>
    </ClCompile>
    <ClCompile Include="playernikolastate.cpp">
      <Filter>Source Files</Filter>
    </ClCompile>
    <ClCompile Include="nikola.cpp">
      <Filter>Source Files</Filter>
    </ClCompile>
    <ClCompile Include="playerbullet.cpp">
      <Filter>Source Files</Filter>
    </ClCompile>
    <ClCompile Include="nikolabeam.cpp">
      <Filter>Source Files</Filter>
    </ClCompile>
  </ItemGroup>
  <ItemGroup>
    <ClInclude Include="Animation.h">
      <Filter>Header Files</Filter>
    </ClInclude>
    <ClInclude Include="Player.h">
      <Filter>Header Files</Filter>
    </ClInclude>
    <ClInclude Include="Newton.h">
      <Filter>Header Files</Filter>
    </ClInclude>
    <ClInclude Include="durianBomb.h">
      <Filter>Header Files</Filter>
    </ClInclude>
    <ClInclude Include="globalboundcollision.h">
      <Filter>Header Files</Filter>
    </ClInclude>
    <ClInclude Include="Menu.h">
      <Filter>Header Files</Filter>
    </ClInclude>
    <ClInclude Include="Selectstate.h">
      <Filter>Header Files</Filter>
    </ClInclude>
    <ClInclude Include="entername.h">
      <Filter>Header Files</Filter>
    </ClInclude>
    <ClInclude Include="playernikolastate.h">
      <Filter>Header Files</Filter>
    </ClInclude>
    <ClInclude Include="nikola.h">
      <Filter>Header Files</Filter>
    </ClInclude>
    <ClInclude Include="playerbullet.h">
      <Filter>Header Files</Filter>
    </ClInclude>
    <ClInclude Include="nikolabeam.h">
      <Filter>Header Files</Filter>
    </ClInclude>
  </ItemGroup>
</Project>